Microsoft Visual Studio Solution File, Format Version 12.00
# Visual Studio Version 17
VisualStudioVersion = 17.5.2.0
MinimumVisualStudioVersion = 10.0.40219.1
Project("{FAE04EC0-301F-11D3-BF4B-00C04F79EFBC}") = "ClinicaAPI", "ClinicaAPI\ClinicaAPI.csproj", "{7D31CE55-D485-5466-D30A-7EE5ABC17C94}"
EndProject
Global
	GlobalSection(SolutionConfigurationPlatforms) = preSolution
		Debug|Any CPU = Debug|Any CPU
		Release|Any CPU = Release|Any CPU
	EndGlobalSection
	GlobalSection(ProjectConfigurationPlatforms) = postSolution
		{7D31CE55-D485-5466-D30A-7EE5ABC17C94}.Debug|Any CPU.ActiveCfg = Debug|Any CPU
		{7D31CE55-D485-5466-D30A-7EE5ABC17C94}.Debug|Any CPU.Build.0 = Debug|Any CPU
		{7D31CE55-D485-5466-D30A-7EE5ABC17C94}.Release|Any CPU.ActiveCfg = Release|Any CPU
		{7D31CE55-D485-5466-D30A-7EE5ABC17C94}.Release|Any CPU.Build.0 = Release|Any CPU
	EndGlobalSection
	GlobalSection(SolutionProperties) = preSolution
		HideSolutionNode = FALSE
	EndGlobalSection
	GlobalSection(ExtensibilityGlobals) = postSolution
		SolutionGuid = {B80F10CD-7327-4073-95A6-BED18DAF3260}
	EndGlobalSection
EndGlobal
